// !$*UTF8*$!
{
	archiveVersion = 1;
	classes = {
	};
	objectVersion = 56;
	objects = {

/* Begin PBXBuildFile section */
		FF3E238E2CAB43D200DE398B /* ConverterTests.swift in Sources */ = {isa = PBXBuildFile; fileRef = FF3E238D2CAB43D200DE398B /* ConverterTests.swift */; };
		FF3E239E2CAB4A6800DE398B /* IntentionUITests.swift in Sources */ = {isa = PBXBuildFile; fileRef = FF3E239D2CAB4A6800DE398B /* IntentionUITests.swift */; };
		FF96C2A92A0059BB00D5C0EB /* Intention Watch App.app in Embed Watch Content */ = {isa = PBXBuildFile; fileRef = FF96C2A82A0059BB00D5C0EB /* Intention Watch App.app */; settings = {ATTRIBUTES = (RemoveHeadersOnCopy, ); }; };
		FF96C2CA2A005A1A00D5C0EB /* IntentionApp.swift in Sources */ = {isa = PBXBuildFile; fileRef = FF96C2C22A005A1A00D5C0EB /* IntentionApp.swift */; };
		FF96C2D52A005A7100D5C0EB /* README.md in Resources */ = {isa = PBXBuildFile; fileRef = FF96C2D42A005A7100D5C0EB /* README.md */; };
		FF96C2DE2A005A9600D5C0EB /* Texts.swift in Sources */ = {isa = PBXBuildFile; fileRef = FF96C2D92A005A9600D5C0EB /* Texts.swift */; };
		FF96C2DF2A005A9600D5C0EB /* VersionState.swift in Sources */ = {isa = PBXBuildFile; fileRef = FF96C2DA2A005A9600D5C0EB /* VersionState.swift */; };
		FF96C2E02A005A9600D5C0EB /* Converter.swift in Sources */ = {isa = PBXBuildFile; fileRef = FF96C2DB2A005A9600D5C0EB /* Converter.swift */; };
		FF96C2E12A005A9600D5C0EB /* Constants.swift in Sources */ = {isa = PBXBuildFile; fileRef = FF96C2DC2A005A9600D5C0EB /* Constants.swift */; };
		FF96C2E22A005A9600D5C0EB /* Colors.swift in Sources */ = {isa = PBXBuildFile; fileRef = FF96C2DD2A005A9600D5C0EB /* Colors.swift */; };
		FF96C2EB2A005AF800D5C0EB /* WidgetKit.framework in Frameworks */ = {isa = PBXBuildFile; fileRef = FF96C2EA2A005AF800D5C0EB /* WidgetKit.framework */; };
		FF96C2ED2A005AF800D5C0EB /* SwiftUI.framework in Frameworks */ = {isa = PBXBuildFile; fileRef = FF96C2EC2A005AF800D5C0EB /* SwiftUI.framework */; };
		FF96C2F02A005AF800D5C0EB /* Complication.swift in Sources */ = {isa = PBXBuildFile; fileRef = FF96C2EF2A005AF800D5C0EB /* Complication.swift */; };
		FF96C2F92A005AF900D5C0EB /* ComplicationExtension.appex in Embed Foundation Extensions */ = {isa = PBXBuildFile; fileRef = FF96C2E82A005AF800D5C0EB /* ComplicationExtension.appex */; settings = {ATTRIBUTES = (RemoveHeadersOnCopy, ); }; };
		FF96C2FE2A005B3D00D5C0EB /* Converter.swift in Sources */ = {isa = PBXBuildFile; fileRef = FF96C2DB2A005A9600D5C0EB /* Converter.swift */; };
		FF96C2FF2A005B3D00D5C0EB /* Constants.swift in Sources */ = {isa = PBXBuildFile; fileRef = FF96C2DC2A005A9600D5C0EB /* Constants.swift */; };
		FF96C3002A005B3D00D5C0EB /* Colors.swift in Sources */ = {isa = PBXBuildFile; fileRef = FF96C2DD2A005A9600D5C0EB /* Colors.swift */; };
		FF96C3012A005B3D00D5C0EB /* Texts.swift in Sources */ = {isa = PBXBuildFile; fileRef = FF96C2D92A005A9600D5C0EB /* Texts.swift */; };
		FF96C3022A005B3D00D5C0EB /* VersionState.swift in Sources */ = {isa = PBXBuildFile; fileRef = FF96C2DA2A005A9600D5C0EB /* VersionState.swift */; };
		FF96C3132A005B8600D5C0EB /* Reducer.swift in Sources */ = {isa = PBXBuildFile; fileRef = FF96C3042A005B8600D5C0EB /* Reducer.swift */; };
		FF96C3142A005B8600D5C0EB /* Action.swift in Sources */ = {isa = PBXBuildFile; fileRef = FF96C3052A005B8600D5C0EB /* Action.swift */; };
		FF96C3152A005B8600D5C0EB /* SetIntentionView.swift in Sources */ = {isa = PBXBuildFile; fileRef = FF96C3072A005B8600D5C0EB /* SetIntentionView.swift */; };
		FF96C3162A005B8600D5C0EB /* OnboardingView.swift in Sources */ = {isa = PBXBuildFile; fileRef = FF96C3082A005B8600D5C0EB /* OnboardingView.swift */; };
		FF96C3172A005B8600D5C0EB /* MeditationView.swift in Sources */ = {isa = PBXBuildFile; fileRef = FF96C3092A005B8600D5C0EB /* MeditationView.swift */; };
		FF96C3182A005B8600D5C0EB /* ErrorView.swift in Sources */ = {isa = PBXBuildFile; fileRef = FF96C30A2A005B8600D5C0EB /* ErrorView.swift */; };
		FF96C3192A005B8600D5C0EB /* IntentionView.swift in Sources */ = {isa = PBXBuildFile; fileRef = FF96C30B2A005B8600D5C0EB /* IntentionView.swift */; };
		FF96C31A2A005B8600D5C0EB /* Store.swift in Sources */ = {isa = PBXBuildFile; fileRef = FF96C30D2A005B8600D5C0EB /* Store.swift */; };
		FF96C31B2A005B8600D5C0EB /* HealthStore.swift in Sources */ = {isa = PBXBuildFile; fileRef = FF96C30E2A005B8600D5C0EB /* HealthStore.swift */; };
		FF96C31C2A005B8600D5C0EB /* AppState.swift in Sources */ = {isa = PBXBuildFile; fileRef = FF96C3102A005B8600D5C0EB /* AppState.swift */; };
		FF96C31E2A005B8600D5C0EB /* MindfulSession.swift in Sources */ = {isa = PBXBuildFile; fileRef = FF96C3122A005B8600D5C0EB /* MindfulSession.swift */; };
		FF96C3212A005BA800D5C0EB /* ExtensionDelegate.swift in Sources */ = {isa = PBXBuildFile; fileRef = FF96C3202A005BA800D5C0EB /* ExtensionDelegate.swift */; };
		FF96C3222A005BD000D5C0EB /* HealthStore.swift in Sources */ = {isa = PBXBuildFile; fileRef = FF96C30E2A005B8600D5C0EB /* HealthStore.swift */; };
		FF96C3242A005E0F00D5C0EB /* Assets.xcassets in Resources */ = {isa = PBXBuildFile; fileRef = FF96C3232A005E0F00D5C0EB /* Assets.xcassets */; };
		FF96C32E2A0063A200D5C0EB /* Assets.xcassets in Resources */ = {isa = PBXBuildFile; fileRef = FF96C32D2A0063A200D5C0EB /* Assets.xcassets */; };
		FF96C3362A00656C00D5C0EB /* Localizable.strings in Resources */ = {isa = PBXBuildFile; fileRef = FF96C3302A00656B00D5C0EB /* Localizable.strings */; };
		FF96C3372A00656C00D5C0EB /* Localizable.strings in Resources */ = {isa = PBXBuildFile; fileRef = FF96C3302A00656B00D5C0EB /* Localizable.strings */; };
		FF96C3382A00656C00D5C0EB /* InfoPlist.strings in Resources */ = {isa = PBXBuildFile; fileRef = FF96C3322A00656C00D5C0EB /* InfoPlist.strings */; };
		FF96C3392A00656C00D5C0EB /* InfoPlist.strings in Resources */ = {isa = PBXBuildFile; fileRef = FF96C3322A00656C00D5C0EB /* InfoPlist.strings */; };
		FFD385E42BE593A100D6D549 /* PrivacyInfo.xcprivacy in Resources */ = {isa = PBXBuildFile; fileRef = FF8B45D62BD85602004A6198 /* PrivacyInfo.xcprivacy */; };
/* End PBXBuildFile section */

/* Begin PBXContainerItemProxy section */
		FF3E238F2CAB43D200DE398B /* PBXContainerItemProxy */ = {
			isa = PBXContainerItemProxy;
			containerPortal = FF96C29C2A0059BB00D5C0EB /* Project object */;
			proxyType = 1;
			remoteGlobalIDString = FF96C2A72A0059BB00D5C0EB;
			remoteInfo = "Intention Watch App";
		};
		FF3E23A12CAB4A6800DE398B /* PBXContainerItemProxy */ = {
			isa = PBXContainerItemProxy;
			containerPortal = FF96C29C2A0059BB00D5C0EB /* Project object */;
			proxyType = 1;
			remoteGlobalIDString = FF96C2A72A0059BB00D5C0EB;
			remoteInfo = "Intention Watch App";
		};
		FF96C2AA2A0059BB00D5C0EB /* PBXContainerItemProxy */ = {
			isa = PBXContainerItemProxy;
			containerPortal = FF96C29C2A0059BB00D5C0EB /* Project object */;
			proxyType = 1;
			remoteGlobalIDString = FF96C2A72A0059BB00D5C0EB;
			remoteInfo = "Intention Watch App";
		};
		FF96C2F72A005AF900D5C0EB /* PBXContainerItemProxy */ = {
			isa = PBXContainerItemProxy;
			containerPortal = FF96C29C2A0059BB00D5C0EB /* Project object */;
			proxyType = 1;
			remoteGlobalIDString = FF96C2E72A005AF800D5C0EB;
			remoteInfo = ComplicationExtension;
		};
/* End PBXContainerItemProxy section */

/* Begin PBXCopyFilesBuildPhase section */
		FF96C2BB2A0059BC00D5C0EB /* Embed Watch Content */ = {
			isa = PBXCopyFilesBuildPhase;
			buildActionMask = 2147483647;
			dstPath = "$(CONTENTS_FOLDER_PATH)/Watch";
			dstSubfolderSpec = 16;
			files = (
				FF96C2A92A0059BB00D5C0EB /* Intention Watch App.app in Embed Watch Content */,
			);
			name = "Embed Watch Content";
			runOnlyForDeploymentPostprocessing = 0;
		};
		FF96C2FD2A005AF900D5C0EB /* Embed Foundation Extensions */ = {
			isa = PBXCopyFilesBuildPhase;
			buildActionMask = 2147483647;
			dstPath = "";
			dstSubfolderSpec = 13;
			files = (
				FF96C2F92A005AF900D5C0EB /* ComplicationExtension.appex in Embed Foundation Extensions */,
			);
			name = "Embed Foundation Extensions";
			runOnlyForDeploymentPostprocessing = 0;
		};
/* End PBXCopyFilesBuildPhase section */

/* Begin PBXFileReference section */
		FF3E238B2CAB43D200DE398B /* Intention Tests.xctest */ = {isa = PBXFileReference; explicitFileType = wrapper.cfbundle; includeInIndex = 0; path = "Intention Tests.xctest"; sourceTree = BUILT_PRODUCTS_DIR; };
		FF3E238D2CAB43D200DE398B /* ConverterTests.swift */ = {isa = PBXFileReference; lastKnownFileType = sourcecode.swift; path = ConverterTests.swift; sourceTree = "<group>"; };
		FF3E239B2CAB4A6800DE398B /* Intention UI Tests.xctest */ = {isa = PBXFileReference; explicitFileType = wrapper.cfbundle; includeInIndex = 0; path = "Intention UI Tests.xctest"; sourceTree = BUILT_PRODUCTS_DIR; };
		FF3E239D2CAB4A6800DE398B /* IntentionUITests.swift */ = {isa = PBXFileReference; lastKnownFileType = sourcecode.swift; path = IntentionUITests.swift; sourceTree = "<group>"; };
		FF8B45D62BD85602004A6198 /* PrivacyInfo.xcprivacy */ = {isa = PBXFileReference; lastKnownFileType = text.xml; path = PrivacyInfo.xcprivacy; sourceTree = "<group>"; };
		FF8B45D82BD857BD004A6198 /* fr */ = {isa = PBXFileReference; lastKnownFileType = text.plist.strings; name = fr; path = fr.lproj/Localizable.strings; sourceTree = "<group>"; };
		FF8B45D92BD857BD004A6198 /* fr */ = {isa = PBXFileReference; lastKnownFileType = text.plist.strings; name = fr; path = fr.lproj/InfoPlist.strings; sourceTree = "<group>"; };
		FF8B45DA2BD857CA004A6198 /* es */ = {isa = PBXFileReference; lastKnownFileType = text.plist.strings; name = es; path = es.lproj/Localizable.strings; sourceTree = "<group>"; };
		FF8B45DB2BD857CA004A6198 /* es */ = {isa = PBXFileReference; lastKnownFileType = text.plist.strings; name = es; path = es.lproj/InfoPlist.strings; sourceTree = "<group>"; };
		FF96C2A22A0059BB00D5C0EB /* Intention.app */ = {isa = PBXFileReference; explicitFileType = wrapper.application; includeInIndex = 0; path = Intention.app; sourceTree = BUILT_PRODUCTS_DIR; };
		FF96C2A82A0059BB00D5C0EB /* Intention Watch App.app */ = {isa = PBXFileReference; explicitFileType = wrapper.application; includeInIndex = 0; path = "Intention Watch App.app"; sourceTree = BUILT_PRODUCTS_DIR; };
		FF96C2C22A005A1A00D5C0EB /* IntentionApp.swift */ = {isa = PBXFileReference; fileEncoding = 4; lastKnownFileType = sourcecode.swift; path = IntentionApp.swift; sourceTree = "<group>"; };
		FF96C2CF2A005A3100D5C0EB /* Info.plist */ = {isa = PBXFileReference; fileEncoding = 4; lastKnownFileType = text.plist.xml; path = Info.plist; sourceTree = "<group>"; };
		FF96C2D42A005A7100D5C0EB /* README.md */ = {isa = PBXFileReference; fileEncoding = 4; lastKnownFileType = net.daringfireball.markdown; path = README.md; sourceTree = "<group>"; };
		FF96C2D92A005A9600D5C0EB /* Texts.swift */ = {isa = PBXFileReference; fileEncoding = 4; lastKnownFileType = sourcecode.swift; path = Texts.swift; sourceTree = "<group>"; };
		FF96C2DA2A005A9600D5C0EB /* VersionState.swift */ = {isa = PBXFileReference; fileEncoding = 4; lastKnownFileType = sourcecode.swift; path = VersionState.swift; sourceTree = "<group>"; };
		FF96C2DB2A005A9600D5C0EB /* Converter.swift */ = {isa = PBXFileReference; fileEncoding = 4; lastKnownFileType = sourcecode.swift; path = Converter.swift; sourceTree = "<group>"; };
		FF96C2DC2A005A9600D5C0EB /* Constants.swift */ = {isa = PBXFileReference; fileEncoding = 4; lastKnownFileType = sourcecode.swift; path = Constants.swift; sourceTree = "<group>"; };
		FF96C2DD2A005A9600D5C0EB /* Colors.swift */ = {isa = PBXFileReference; fileEncoding = 4; lastKnownFileType = sourcecode.swift; path = Colors.swift; sourceTree = "<group>"; };
		FF96C2E82A005AF800D5C0EB /* ComplicationExtension.appex */ = {isa = PBXFileReference; explicitFileType = "wrapper.app-extension"; includeInIndex = 0; path = ComplicationExtension.appex; sourceTree = BUILT_PRODUCTS_DIR; };
		FF96C2EA2A005AF800D5C0EB /* WidgetKit.framework */ = {isa = PBXFileReference; lastKnownFileType = wrapper.framework; name = WidgetKit.framework; path = System/Library/Frameworks/WidgetKit.framework; sourceTree = SDKROOT; };
		FF96C2EC2A005AF800D5C0EB /* SwiftUI.framework */ = {isa = PBXFileReference; lastKnownFileType = wrapper.framework; name = SwiftUI.framework; path = System/Library/Frameworks/SwiftUI.framework; sourceTree = SDKROOT; };
		FF96C2EF2A005AF800D5C0EB /* Complication.swift */ = {isa = PBXFileReference; lastKnownFileType = sourcecode.swift; path = Complication.swift; sourceTree = "<group>"; };
		FF96C3042A005B8600D5C0EB /* Reducer.swift */ = {isa = PBXFileReference; fileEncoding = 4; lastKnownFileType = sourcecode.swift; path = Reducer.swift; sourceTree = "<group>"; };
		FF96C3052A005B8600D5C0EB /* Action.swift */ = {isa = PBXFileReference; fileEncoding = 4; lastKnownFileType = sourcecode.swift; path = Action.swift; sourceTree = "<group>"; };
		FF96C3072A005B8600D5C0EB /* SetIntentionView.swift */ = {isa = PBXFileReference; fileEncoding = 4; lastKnownFileType = sourcecode.swift; path = SetIntentionView.swift; sourceTree = "<group>"; };
		FF96C3082A005B8600D5C0EB /* OnboardingView.swift */ = {isa = PBXFileReference; fileEncoding = 4; lastKnownFileType = sourcecode.swift; path = OnboardingView.swift; sourceTree = "<group>"; };
		FF96C3092A005B8600D5C0EB /* MeditationView.swift */ = {isa = PBXFileReference; fileEncoding = 4; lastKnownFileType = sourcecode.swift; path = MeditationView.swift; sourceTree = "<group>"; };
		FF96C30A2A005B8600D5C0EB /* ErrorView.swift */ = {isa = PBXFileReference; fileEncoding = 4; lastKnownFileType = sourcecode.swift; path = ErrorView.swift; sourceTree = "<group>"; };
		FF96C30B2A005B8600D5C0EB /* IntentionView.swift */ = {isa = PBXFileReference; fileEncoding = 4; lastKnownFileType = sourcecode.swift; path = IntentionView.swift; sourceTree = "<group>"; };
		FF96C30D2A005B8600D5C0EB /* Store.swift */ = {isa = PBXFileReference; fileEncoding = 4; lastKnownFileType = sourcecode.swift; path = Store.swift; sourceTree = "<group>"; };
		FF96C30E2A005B8600D5C0EB /* HealthStore.swift */ = {isa = PBXFileReference; fileEncoding = 4; lastKnownFileType = sourcecode.swift; path = HealthStore.swift; sourceTree = "<group>"; };
		FF96C3102A005B8600D5C0EB /* AppState.swift */ = {isa = PBXFileReference; fileEncoding = 4; lastKnownFileType = sourcecode.swift; path = AppState.swift; sourceTree = "<group>"; };
		FF96C3122A005B8600D5C0EB /* MindfulSession.swift */ = {isa = PBXFileReference; fileEncoding = 4; lastKnownFileType = sourcecode.swift; path = MindfulSession.swift; sourceTree = "<group>"; };
		FF96C3202A005BA800D5C0EB /* ExtensionDelegate.swift */ = {isa = PBXFileReference; fileEncoding = 4; lastKnownFileType = sourcecode.swift; path = ExtensionDelegate.swift; sourceTree = "<group>"; };
		FF96C3232A005E0F00D5C0EB /* Assets.xcassets */ = {isa = PBXFileReference; lastKnownFileType = folder.assetcatalog; path = Assets.xcassets; sourceTree = "<group>"; };
		FF96C3252A005F3500D5C0EB /* Intention Watch App.entitlements */ = {isa = PBXFileReference; lastKnownFileType = text.plist.entitlements; path = "Intention Watch App.entitlements"; sourceTree = "<group>"; };
		FF96C3262A005F7600D5C0EB /* WatchKit.framework */ = {isa = PBXFileReference; lastKnownFileType = wrapper.framework; name = WatchKit.framework; path = Platforms/WatchOS.platform/Developer/SDKs/WatchOS9.4.sdk/System/Library/Frameworks/WatchKit.framework; sourceTree = DEVELOPER_DIR; };
		FF96C3282A005F9A00D5C0EB /* SwiftUI.framework */ = {isa = PBXFileReference; lastKnownFileType = wrapper.framework; name = SwiftUI.framework; path = Platforms/WatchOS.platform/Developer/SDKs/WatchOS9.4.sdk/System/Library/Frameworks/SwiftUI.framework; sourceTree = DEVELOPER_DIR; };
		FF96C32A2A00604200D5C0EB /* ComplicationExtension.entitlements */ = {isa = PBXFileReference; lastKnownFileType = text.plist.entitlements; path = ComplicationExtension.entitlements; sourceTree = "<group>"; };
		FF96C32C2A00612700D5C0EB /* Info.plist */ = {isa = PBXFileReference; lastKnownFileType = text.plist.xml; path = Info.plist; sourceTree = "<group>"; };
		FF96C32D2A0063A200D5C0EB /* Assets.xcassets */ = {isa = PBXFileReference; lastKnownFileType = folder.assetcatalog; path = Assets.xcassets; sourceTree = "<group>"; };
		FF96C3312A00656C00D5C0EB /* de */ = {isa = PBXFileReference; lastKnownFileType = text.plist.strings; name = de; path = de.lproj/Localizable.strings; sourceTree = "<group>"; };
		FF96C3332A00656C00D5C0EB /* de */ = {isa = PBXFileReference; lastKnownFileType = text.plist.strings; name = de; path = de.lproj/InfoPlist.strings; sourceTree = "<group>"; };
		FF96C3342A00656C00D5C0EB /* en */ = {isa = PBXFileReference; lastKnownFileType = text.plist.strings; name = en; path = en.lproj/Localizable.strings; sourceTree = "<group>"; };
		FF96C3352A00656C00D5C0EB /* en */ = {isa = PBXFileReference; lastKnownFileType = text.plist.strings; name = en; path = en.lproj/InfoPlist.strings; sourceTree = "<group>"; };
/* End PBXFileReference section */

/* Begin PBXFrameworksBuildPhase section */
		FF3E23882CAB43D200DE398B /* Frameworks */ = {
			isa = PBXFrameworksBuildPhase;
			buildActionMask = 2147483647;
			files = (
			);
			runOnlyForDeploymentPostprocessing = 0;
		};
		FF3E23982CAB4A6800DE398B /* Frameworks */ = {
			isa = PBXFrameworksBuildPhase;
			buildActionMask = 2147483647;
			files = (
			);
			runOnlyForDeploymentPostprocessing = 0;
		};
		FF96C2A52A0059BB00D5C0EB /* Frameworks */ = {
			isa = PBXFrameworksBuildPhase;
			buildActionMask = 2147483647;
			files = (
			);
			runOnlyForDeploymentPostprocessing = 0;
		};
		FF96C2E52A005AF800D5C0EB /* Frameworks */ = {
			isa = PBXFrameworksBuildPhase;
			buildActionMask = 2147483647;
			files = (
				FF96C2ED2A005AF800D5C0EB /* SwiftUI.framework in Frameworks */,
				FF96C2EB2A005AF800D5C0EB /* WidgetKit.framework in Frameworks */,
			);
			runOnlyForDeploymentPostprocessing = 0;
		};
/* End PBXFrameworksBuildPhase section */

/* Begin PBXGroup section */
		FF0D2B572CC1B8C60084E5CE /* Tests */ = {
			isa = PBXGroup;
			children = (
				FF3E23942CAB442000DE398B /* Intention Tests */,
				FF3E23A62CAB4A6F00DE398B /* Intention UI Tests */,
			);
			path = Tests;
			sourceTree = "<group>";
		};
		FF3E23942CAB442000DE398B /* Intention Tests */ = {
			isa = PBXGroup;
			children = (
				FF3E238D2CAB43D200DE398B /* ConverterTests.swift */,
			);
			path = "Intention Tests";
			sourceTree = "<group>";
		};
		FF3E23A62CAB4A6F00DE398B /* Intention UI Tests */ = {
			isa = PBXGroup;
			children = (
				FF3E239D2CAB4A6800DE398B /* IntentionUITests.swift */,
			);
			path = "Intention UI Tests";
			sourceTree = "<group>";
		};
		FF96C29B2A0059BB00D5C0EB = {
			isa = PBXGroup;
			children = (
				FF96C2D42A005A7100D5C0EB /* README.md */,
				FF96C2EE2A005AF800D5C0EB /* Complication */,
				FF96C2AC2A0059BB00D5C0EB /* Intention Watch App */,
				FF96C32F2A00656B00D5C0EB /* Localization */,
				FF96C2D82A005A8800D5C0EB /* Shared */,
				FF0D2B572CC1B8C60084E5CE /* Tests */,
				FF96C2E92A005AF800D5C0EB /* Frameworks */,
				FF96C2A32A0059BB00D5C0EB /* Products */,
			);
			sourceTree = "<group>";
		};
		FF96C2A32A0059BB00D5C0EB /* Products */ = {
			isa = PBXGroup;
			children = (
				FF96C2A22A0059BB00D5C0EB /* Intention.app */,
				FF96C2A82A0059BB00D5C0EB /* Intention Watch App.app */,
				FF96C2E82A005AF800D5C0EB /* ComplicationExtension.appex */,
				FF3E238B2CAB43D200DE398B /* Intention Tests.xctest */,
				FF3E239B2CAB4A6800DE398B /* Intention UI Tests.xctest */,
			);
			name = Products;
			sourceTree = "<group>";
		};
		FF96C2AC2A0059BB00D5C0EB /* Intention Watch App */ = {
			isa = PBXGroup;
			children = (
				FF96C2C22A005A1A00D5C0EB /* IntentionApp.swift */,
				FF96C31F2A005BA800D5C0EB /* ExtensionDelegate */,
				FF96C3032A005B8600D5C0EB /* Reducer */,
				FF96C30F2A005B8600D5C0EB /* State */,
				FF96C30C2A005B8600D5C0EB /* Store */,
				FF96C3062A005B8600D5C0EB /* Views */,
				FF96C2D12A005A3900D5C0EB /* Resources */,
			);
			path = "Intention Watch App";
			sourceTree = "<group>";
		};
		FF96C2D12A005A3900D5C0EB /* Resources */ = {
			isa = PBXGroup;
			children = (
				FF96C3232A005E0F00D5C0EB /* Assets.xcassets */,
				FF96C2CF2A005A3100D5C0EB /* Info.plist */,
				FF96C3252A005F3500D5C0EB /* Intention Watch App.entitlements */,
				FF8B45D62BD85602004A6198 /* PrivacyInfo.xcprivacy */,
			);
			path = Resources;
			sourceTree = "<group>";
		};
		FF96C2D82A005A8800D5C0EB /* Shared */ = {
			isa = PBXGroup;
			children = (
				FF96C2DD2A005A9600D5C0EB /* Colors.swift */,
				FF96C2DC2A005A9600D5C0EB /* Constants.swift */,
				FF96C2DB2A005A9600D5C0EB /* Converter.swift */,
				FF96C2D92A005A9600D5C0EB /* Texts.swift */,
				FF96C2DA2A005A9600D5C0EB /* VersionState.swift */,
			);
			path = Shared;
			sourceTree = "<group>";
		};
		FF96C2E92A005AF800D5C0EB /* Frameworks */ = {
			isa = PBXGroup;
			children = (
				FF96C3282A005F9A00D5C0EB /* SwiftUI.framework */,
				FF96C3262A005F7600D5C0EB /* WatchKit.framework */,
				FF96C2EA2A005AF800D5C0EB /* WidgetKit.framework */,
				FF96C2EC2A005AF800D5C0EB /* SwiftUI.framework */,
			);
			name = Frameworks;
			sourceTree = "<group>";
		};
		FF96C2EE2A005AF800D5C0EB /* Complication */ = {
			isa = PBXGroup;
			children = (
				FF96C2EF2A005AF800D5C0EB /* Complication.swift */,
				FF96C32B2A00606300D5C0EB /* Resources */,
			);
			path = Complication;
			sourceTree = "<group>";
		};
		FF96C3032A005B8600D5C0EB /* Reducer */ = {
			isa = PBXGroup;
			children = (
				FF96C3042A005B8600D5C0EB /* Reducer.swift */,
				FF96C3052A005B8600D5C0EB /* Action.swift */,
			);
			path = Reducer;
			sourceTree = "<group>";
		};
		FF96C3062A005B8600D5C0EB /* Views */ = {
			isa = PBXGroup;
			children = (
				FF96C3072A005B8600D5C0EB /* SetIntentionView.swift */,
				FF96C3082A005B8600D5C0EB /* OnboardingView.swift */,
				FF96C3092A005B8600D5C0EB /* MeditationView.swift */,
				FF96C30A2A005B8600D5C0EB /* ErrorView.swift */,
				FF96C30B2A005B8600D5C0EB /* IntentionView.swift */,
			);
			path = Views;
			sourceTree = "<group>";
		};
		FF96C30C2A005B8600D5C0EB /* Store */ = {
			isa = PBXGroup;
			children = (
				FF96C30D2A005B8600D5C0EB /* Store.swift */,
				FF96C30E2A005B8600D5C0EB /* HealthStore.swift */,
			);
			path = Store;
			sourceTree = "<group>";
		};
		FF96C30F2A005B8600D5C0EB /* State */ = {
			isa = PBXGroup;
			children = (
				FF96C3102A005B8600D5C0EB /* AppState.swift */,
				FF96C3122A005B8600D5C0EB /* MindfulSession.swift */,
			);
			path = State;
			sourceTree = "<group>";
		};
		FF96C31F2A005BA800D5C0EB /* ExtensionDelegate */ = {
			isa = PBXGroup;
			children = (
				FF96C3202A005BA800D5C0EB /* ExtensionDelegate.swift */,
			);
			path = ExtensionDelegate;
			sourceTree = "<group>";
		};
		FF96C32B2A00606300D5C0EB /* Resources */ = {
			isa = PBXGroup;
			children = (
				FF96C32D2A0063A200D5C0EB /* Assets.xcassets */,
				FF96C32A2A00604200D5C0EB /* ComplicationExtension.entitlements */,
				FF96C32C2A00612700D5C0EB /* Info.plist */,
			);
			path = Resources;
			sourceTree = "<group>";
		};
		FF96C32F2A00656B00D5C0EB /* Localization */ = {
			isa = PBXGroup;
			children = (
				FF96C3302A00656B00D5C0EB /* Localizable.strings */,
				FF96C3322A00656C00D5C0EB /* InfoPlist.strings */,
			);
			path = Localization;
			sourceTree = "<group>";
		};
/* End PBXGroup section */

/* Begin PBXNativeTarget section */
		FF3E238A2CAB43D200DE398B /* Intention Tests */ = {
			isa = PBXNativeTarget;
			buildConfigurationList = FF3E23912CAB43D200DE398B /* Build configuration list for PBXNativeTarget "Intention Tests" */;
			buildPhases = (
				FF3E23872CAB43D200DE398B /* Sources */,
				FF3E23882CAB43D200DE398B /* Frameworks */,
				FF3E23892CAB43D200DE398B /* Resources */,
			);
			buildRules = (
			);
			dependencies = (
				FF3E23902CAB43D200DE398B /* PBXTargetDependency */,
			);
			name = "Intention Tests";
			packageProductDependencies = (
			);
			productName = "Intention Tests";
			productReference = FF3E238B2CAB43D200DE398B /* Intention Tests.xctest */;
			productType = "com.apple.product-type.bundle.unit-test";
		};
		FF3E239A2CAB4A6800DE398B /* Intention UI Tests */ = {
			isa = PBXNativeTarget;
			buildConfigurationList = FF3E23A32CAB4A6800DE398B /* Build configuration list for PBXNativeTarget "Intention UI Tests" */;
			buildPhases = (
				FF3E23972CAB4A6800DE398B /* Sources */,
				FF3E23982CAB4A6800DE398B /* Frameworks */,
				FF3E23992CAB4A6800DE398B /* Resources */,
			);
			buildRules = (
			);
			dependencies = (
				FF3E23A22CAB4A6800DE398B /* PBXTargetDependency */,
			);
			name = "Intention UI Tests";
			packageProductDependencies = (
			);
			productName = "Intention UI Tests";
			productReference = FF3E239B2CAB4A6800DE398B /* Intention UI Tests.xctest */;
			productType = "com.apple.product-type.bundle.ui-testing";
		};
		FF96C2A12A0059BB00D5C0EB /* Intention */ = {
			isa = PBXNativeTarget;
			buildConfigurationList = FF96C2BC2A0059BC00D5C0EB /* Build configuration list for PBXNativeTarget "Intention" */;
			buildPhases = (
				FF96C2A02A0059BB00D5C0EB /* Resources */,
				FF96C2BB2A0059BC00D5C0EB /* Embed Watch Content */,
			);
			buildRules = (
			);
			dependencies = (
				FF96C2AB2A0059BB00D5C0EB /* PBXTargetDependency */,
			);
			name = Intention;
			productName = Intention;
			productReference = FF96C2A22A0059BB00D5C0EB /* Intention.app */;
			productType = "com.apple.product-type.application.watchapp2-container";
		};
		FF96C2A72A0059BB00D5C0EB /* Intention Watch App */ = {
			isa = PBXNativeTarget;
			buildConfigurationList = FF96C2B82A0059BC00D5C0EB /* Build configuration list for PBXNativeTarget "Intention Watch App" */;
			buildPhases = (
				FF96C2A42A0059BB00D5C0EB /* Sources */,
				FF96C2A52A0059BB00D5C0EB /* Frameworks */,
				FF96C2A62A0059BB00D5C0EB /* Resources */,
				FF96C2FD2A005AF900D5C0EB /* Embed Foundation Extensions */,
			);
			buildRules = (
			);
			dependencies = (
				FF96C2F82A005AF900D5C0EB /* PBXTargetDependency */,
			);
			name = "Intention Watch App";
			productName = "Intention Watch App";
			productReference = FF96C2A82A0059BB00D5C0EB /* Intention Watch App.app */;
			productType = "com.apple.product-type.application";
		};
		FF96C2E72A005AF800D5C0EB /* ComplicationExtension */ = {
			isa = PBXNativeTarget;
			buildConfigurationList = FF96C2FA2A005AF900D5C0EB /* Build configuration list for PBXNativeTarget "ComplicationExtension" */;
			buildPhases = (
				FF96C2E42A005AF800D5C0EB /* Sources */,
				FF96C2E52A005AF800D5C0EB /* Frameworks */,
				FF96C2E62A005AF800D5C0EB /* Resources */,
			);
			buildRules = (
			);
			dependencies = (
			);
			name = ComplicationExtension;
			productName = ComplicationExtension;
			productReference = FF96C2E82A005AF800D5C0EB /* ComplicationExtension.appex */;
			productType = "com.apple.product-type.app-extension";
		};
/* End PBXNativeTarget section */

/* Begin PBXProject section */
		FF96C29C2A0059BB00D5C0EB /* Project object */ = {
			isa = PBXProject;
			attributes = {
				BuildIndependentTargetsInParallel = 1;
				LastSwiftUpdateCheck = 1610;
				LastUpgradeCheck = 1600;
				TargetAttributes = {
					FF3E238A2CAB43D200DE398B = {
						CreatedOnToolsVersion = 16.1;
						TestTargetID = FF96C2A72A0059BB00D5C0EB;
					};
					FF3E239A2CAB4A6800DE398B = {
						CreatedOnToolsVersion = 16.1;
						TestTargetID = FF96C2A72A0059BB00D5C0EB;
					};
					FF96C2A12A0059BB00D5C0EB = {
						CreatedOnToolsVersion = 14.3;
					};
					FF96C2A72A0059BB00D5C0EB = {
						CreatedOnToolsVersion = 14.3;
						LastSwiftMigration = 1430;
					};
					FF96C2E72A005AF800D5C0EB = {
						CreatedOnToolsVersion = 14.3;
					};
				};
			};
			buildConfigurationList = FF96C29F2A0059BB00D5C0EB /* Build configuration list for PBXProject "Intention" */;
			compatibilityVersion = "Xcode 14.0";
			developmentRegion = en;
			hasScannedForEncodings = 0;
			knownRegions = (
				en,
				Base,
				de,
				fr,
				es,
			);
			mainGroup = FF96C29B2A0059BB00D5C0EB;
			productRefGroup = FF96C2A32A0059BB00D5C0EB /* Products */;
			projectDirPath = "";
			projectRoot = "";
			targets = (
				FF96C2A12A0059BB00D5C0EB /* Intention */,
				FF96C2A72A0059BB00D5C0EB /* Intention Watch App */,
				FF96C2E72A005AF800D5C0EB /* ComplicationExtension */,
				FF3E238A2CAB43D200DE398B /* Intention Tests */,
				FF3E239A2CAB4A6800DE398B /* Intention UI Tests */,
			);
		};
/* End PBXProject section */

/* Begin PBXResourcesBuildPhase section */
		FF3E23892CAB43D200DE398B /* Resources */ = {
			isa = PBXResourcesBuildPhase;
			buildActionMask = 2147483647;
			files = (
			);
			runOnlyForDeploymentPostprocessing = 0;
		};
		FF3E23992CAB4A6800DE398B /* Resources */ = {
			isa = PBXResourcesBuildPhase;
			buildActionMask = 2147483647;
			files = (
			);
			runOnlyForDeploymentPostprocessing = 0;
		};
		FF96C2A02A0059BB00D5C0EB /* Resources */ = {
			isa = PBXResourcesBuildPhase;
			buildActionMask = 2147483647;
			files = (
			);
			runOnlyForDeploymentPostprocessing = 0;
		};
		FF96C2A62A0059BB00D5C0EB /* Resources */ = {
			isa = PBXResourcesBuildPhase;
			buildActionMask = 2147483647;
			files = (
				FF96C2D52A005A7100D5C0EB /* README.md in Resources */,
				FF96C3382A00656C00D5C0EB /* InfoPlist.strings in Resources */,
				FF96C3362A00656C00D5C0EB /* Localizable.strings in Resources */,
				FFD385E42BE593A100D6D549 /* PrivacyInfo.xcprivacy in Resources */,
				FF96C3242A005E0F00D5C0EB /* Assets.xcassets in Resources */,
			);
			runOnlyForDeploymentPostprocessing = 0;
		};
		FF96C2E62A005AF800D5C0EB /* Resources */ = {
			isa = PBXResourcesBuildPhase;
			buildActionMask = 2147483647;
			files = (
				FF96C32E2A0063A200D5C0EB /* Assets.xcassets in Resources */,
				FF96C3392A00656C00D5C0EB /* InfoPlist.strings in Resources */,
				FF96C3372A00656C00D5C0EB /* Localizable.strings in Resources */,
			);
			runOnlyForDeploymentPostprocessing = 0;
		};
/* End PBXResourcesBuildPhase section */

/* Begin PBXSourcesBuildPhase section */
		FF3E23872CAB43D200DE398B /* Sources */ = {
			isa = PBXSourcesBuildPhase;
			buildActionMask = 2147483647;
			files = (
				FF3E238E2CAB43D200DE398B /* ConverterTests.swift in Sources */,
			);
			runOnlyForDeploymentPostprocessing = 0;
		};
		FF3E23972CAB4A6800DE398B /* Sources */ = {
			isa = PBXSourcesBuildPhase;
			buildActionMask = 2147483647;
			files = (
				FF3E239E2CAB4A6800DE398B /* IntentionUITests.swift in Sources */,
			);
			runOnlyForDeploymentPostprocessing = 0;
		};
		FF96C2A42A0059BB00D5C0EB /* Sources */ = {
			isa = PBXSourcesBuildPhase;
			buildActionMask = 2147483647;
			files = (
				FF96C2E12A005A9600D5C0EB /* Constants.swift in Sources */,
				FF96C31B2A005B8600D5C0EB /* HealthStore.swift in Sources */,
				FF96C3152A005B8600D5C0EB /* SetIntentionView.swift in Sources */,
				FF96C3172A005B8600D5C0EB /* MeditationView.swift in Sources */,
				FF96C2E22A005A9600D5C0EB /* Colors.swift in Sources */,
				FF96C3162A005B8600D5C0EB /* OnboardingView.swift in Sources */,
				FF96C3192A005B8600D5C0EB /* IntentionView.swift in Sources */,
				FF96C2DE2A005A9600D5C0EB /* Texts.swift in Sources */,
				FF96C31A2A005B8600D5C0EB /* Store.swift in Sources */,
				FF96C2CA2A005A1A00D5C0EB /* IntentionApp.swift in Sources */,
				FF96C3182A005B8600D5C0EB /* ErrorView.swift in Sources */,
				FF96C31C2A005B8600D5C0EB /* AppState.swift in Sources */,
				FF96C3212A005BA800D5C0EB /* ExtensionDelegate.swift in Sources */,
				FF96C3132A005B8600D5C0EB /* Reducer.swift in Sources */,
				FF96C3142A005B8600D5C0EB /* Action.swift in Sources */,
				FF96C2E02A005A9600D5C0EB /* Converter.swift in Sources */,
				FF96C31E2A005B8600D5C0EB /* MindfulSession.swift in Sources */,
				FF96C2DF2A005A9600D5C0EB /* VersionState.swift in Sources */,
			);
			runOnlyForDeploymentPostprocessing = 0;
		};
		FF96C2E42A005AF800D5C0EB /* Sources */ = {
			isa = PBXSourcesBuildPhase;
			buildActionMask = 2147483647;
			files = (
				FF96C2FE2A005B3D00D5C0EB /* Converter.swift in Sources */,
				FF96C3002A005B3D00D5C0EB /* Colors.swift in Sources */,
				FF96C2F02A005AF800D5C0EB /* Complication.swift in Sources */,
				FF96C3012A005B3D00D5C0EB /* Texts.swift in Sources */,
				FF96C2FF2A005B3D00D5C0EB /* Constants.swift in Sources */,
				FF96C3022A005B3D00D5C0EB /* VersionState.swift in Sources */,
				FF96C3222A005BD000D5C0EB /* HealthStore.swift in Sources */,
			);
			runOnlyForDeploymentPostprocessing = 0;
		};
/* End PBXSourcesBuildPhase section */

/* Begin PBXTargetDependency section */
		FF3E23902CAB43D200DE398B /* PBXTargetDependency */ = {
			isa = PBXTargetDependency;
			target = FF96C2A72A0059BB00D5C0EB /* Intention Watch App */;
			targetProxy = FF3E238F2CAB43D200DE398B /* PBXContainerItemProxy */;
		};
		FF3E23A22CAB4A6800DE398B /* PBXTargetDependency */ = {
			isa = PBXTargetDependency;
			target = FF96C2A72A0059BB00D5C0EB /* Intention Watch App */;
			targetProxy = FF3E23A12CAB4A6800DE398B /* PBXContainerItemProxy */;
		};
		FF96C2AB2A0059BB00D5C0EB /* PBXTargetDependency */ = {
			isa = PBXTargetDependency;
			target = FF96C2A72A0059BB00D5C0EB /* Intention Watch App */;
			targetProxy = FF96C2AA2A0059BB00D5C0EB /* PBXContainerItemProxy */;
		};
		FF96C2F82A005AF900D5C0EB /* PBXTargetDependency */ = {
			isa = PBXTargetDependency;
			target = FF96C2E72A005AF800D5C0EB /* ComplicationExtension */;
			targetProxy = FF96C2F72A005AF900D5C0EB /* PBXContainerItemProxy */;
		};
/* End PBXTargetDependency section */

/* Begin PBXVariantGroup section */
		FF96C3302A00656B00D5C0EB /* Localizable.strings */ = {
			isa = PBXVariantGroup;
			children = (
				FF96C3312A00656C00D5C0EB /* de */,
				FF96C3342A00656C00D5C0EB /* en */,
				FF8B45D82BD857BD004A6198 /* fr */,
				FF8B45DA2BD857CA004A6198 /* es */,
			);
			name = Localizable.strings;
			sourceTree = "<group>";
		};
		FF96C3322A00656C00D5C0EB /* InfoPlist.strings */ = {
			isa = PBXVariantGroup;
			children = (
				FF96C3332A00656C00D5C0EB /* de */,
				FF96C3352A00656C00D5C0EB /* en */,
				FF8B45D92BD857BD004A6198 /* fr */,
				FF8B45DB2BD857CA004A6198 /* es */,
			);
			name = InfoPlist.strings;
			sourceTree = "<group>";
		};
/* End PBXVariantGroup section */

/* Begin XCBuildConfiguration section */
		FF3E23922CAB43D200DE398B /* Debug */ = {
			isa = XCBuildConfiguration;
			buildSettings = {
				BUNDLE_LOADER = "$(TEST_HOST)";
				CODE_SIGN_STYLE = Automatic;
				CURRENT_PROJECT_VERSION = 1;
				DEVELOPMENT_TEAM = M5E86B9E63;
				GCC_C_LANGUAGE_STANDARD = gnu17;
				GENERATE_INFOPLIST_FILE = YES;
				LOCALIZATION_PREFERS_STRING_CATALOGS = YES;
				PRODUCT_BUNDLE_IDENTIFIER = "com.paulweichhart.Intention-Tests";
				PRODUCT_NAME = "$(TARGET_NAME)";
				SDKROOT = watchos;
				SWIFT_ACTIVE_COMPILATION_CONDITIONS = "DEBUG $(inherited)";
				SWIFT_EMIT_LOC_STRINGS = NO;
				TARGETED_DEVICE_FAMILY = 4;
				TEST_HOST = "$(BUILT_PRODUCTS_DIR)/Intention Watch App.app/$(BUNDLE_EXECUTABLE_FOLDER_PATH)/Intention Watch App";
			};
			name = Debug;
		};
		FF3E23932CAB43D200DE398B /* Release */ = {
			isa = XCBuildConfiguration;
			buildSettings = {
				BUNDLE_LOADER = "$(TEST_HOST)";
				CODE_SIGN_STYLE = Automatic;
				CURRENT_PROJECT_VERSION = 1;
				DEVELOPMENT_TEAM = M5E86B9E63;
				GCC_C_LANGUAGE_STANDARD = gnu17;
				GENERATE_INFOPLIST_FILE = YES;
				LOCALIZATION_PREFERS_STRING_CATALOGS = YES;
				PRODUCT_BUNDLE_IDENTIFIER = "com.paulweichhart.Intention-Tests";
				PRODUCT_NAME = "$(TARGET_NAME)";
				SDKROOT = watchos;
				SWIFT_EMIT_LOC_STRINGS = NO;
				TARGETED_DEVICE_FAMILY = 4;
				TEST_HOST = "$(BUILT_PRODUCTS_DIR)/Intention Watch App.app/$(BUNDLE_EXECUTABLE_FOLDER_PATH)/Intention Watch App";
				VALIDATE_PRODUCT = YES;
			};
			name = Release;
		};
		FF3E23A42CAB4A6800DE398B /* Debug */ = {
			isa = XCBuildConfiguration;
			buildSettings = {
				CODE_SIGN_STYLE = Automatic;
				CURRENT_PROJECT_VERSION = 1;
				DEVELOPMENT_TEAM = M5E86B9E63;
				GCC_C_LANGUAGE_STANDARD = gnu17;
				GENERATE_INFOPLIST_FILE = YES;
				LOCALIZATION_PREFERS_STRING_CATALOGS = YES;
				PRODUCT_BUNDLE_IDENTIFIER = "com.paulweichhart.Intention-UI-Tests";
				PRODUCT_NAME = "$(TARGET_NAME)";
				SDKROOT = watchos;
				SWIFT_ACTIVE_COMPILATION_CONDITIONS = "DEBUG $(inherited)";
				SWIFT_EMIT_LOC_STRINGS = NO;
				TARGETED_DEVICE_FAMILY = 4;
				TEST_TARGET_NAME = "Intention Watch App";
			};
			name = Debug;
		};
		FF3E23A52CAB4A6800DE398B /* Release */ = {
			isa = XCBuildConfiguration;
			buildSettings = {
				CODE_SIGN_STYLE = Automatic;
				CURRENT_PROJECT_VERSION = 1;
				DEVELOPMENT_TEAM = M5E86B9E63;
				GCC_C_LANGUAGE_STANDARD = gnu17;
				GENERATE_INFOPLIST_FILE = YES;
				LOCALIZATION_PREFERS_STRING_CATALOGS = YES;
				PRODUCT_BUNDLE_IDENTIFIER = "com.paulweichhart.Intention-UI-Tests";
				PRODUCT_NAME = "$(TARGET_NAME)";
				SDKROOT = watchos;
				SWIFT_EMIT_LOC_STRINGS = NO;
				TARGETED_DEVICE_FAMILY = 4;
				TEST_TARGET_NAME = "Intention Watch App";
				VALIDATE_PRODUCT = YES;
			};
			name = Release;
		};
		FF96C2B62A0059BC00D5C0EB /* Debug */ = {
			isa = XCBuildConfiguration;
			buildSettings = {
				ALWAYS_SEARCH_USER_PATHS = NO;
				ASSETCATALOG_COMPILER_GENERATE_SWIFT_ASSET_SYMBOL_EXTENSIONS = YES;
				CLANG_ANALYZER_LOCALIZABILITY_NONLOCALIZED = YES;
				CLANG_ANALYZER_NONNULL = YES;
				CLANG_ANALYZER_NUMBER_OBJECT_CONVERSION = YES_AGGRESSIVE;
				CLANG_CXX_LANGUAGE_STANDARD = "gnu++20";
				CLANG_ENABLE_MODULES = YES;
				CLANG_ENABLE_OBJC_ARC = YES;
				CLANG_ENABLE_OBJC_WEAK = YES;
				CLANG_WARN_BLOCK_CAPTURE_AUTORELEASING = YES;
				CLANG_WARN_BOOL_CONVERSION = YES;
				CLANG_WARN_COMMA = YES;
				CLANG_WARN_CONSTANT_CONVERSION = YES;
				CLANG_WARN_DEPRECATED_OBJC_IMPLEMENTATIONS = YES;
				CLANG_WARN_DIRECT_OBJC_ISA_USAGE = YES_ERROR;
				CLANG_WARN_DOCUMENTATION_COMMENTS = YES;
				CLANG_WARN_EMPTY_BODY = YES;
				CLANG_WARN_ENUM_CONVERSION = YES;
				CLANG_WARN_INFINITE_RECURSION = YES;
				CLANG_WARN_INT_CONVERSION = YES;
				CLANG_WARN_NON_LITERAL_NULL_CONVERSION = YES;
				CLANG_WARN_OBJC_IMPLICIT_RETAIN_SELF = YES;
				CLANG_WARN_OBJC_LITERAL_CONVERSION = YES;
				CLANG_WARN_OBJC_ROOT_CLASS = YES_ERROR;
				CLANG_WARN_QUOTED_INCLUDE_IN_FRAMEWORK_HEADER = YES;
				CLANG_WARN_RANGE_LOOP_ANALYSIS = YES;
				CLANG_WARN_STRICT_PROTOTYPES = YES;
				CLANG_WARN_SUSPICIOUS_MOVE = YES;
				CLANG_WARN_UNGUARDED_AVAILABILITY = YES_AGGRESSIVE;
				CLANG_WARN_UNREACHABLE_CODE = YES;
				CLANG_WARN__DUPLICATE_METHOD_MATCH = YES;
				COPY_PHASE_STRIP = NO;
				DEAD_CODE_STRIPPING = YES;
				DEBUG_INFORMATION_FORMAT = dwarf;
				ENABLE_STRICT_OBJC_MSGSEND = YES;
				ENABLE_TESTABILITY = YES;
				ENABLE_USER_SCRIPT_SANDBOXING = YES;
				GCC_C_LANGUAGE_STANDARD = gnu11;
				GCC_DYNAMIC_NO_PIC = NO;
				GCC_NO_COMMON_BLOCKS = YES;
				GCC_OPTIMIZATION_LEVEL = 0;
				GCC_PREPROCESSOR_DEFINITIONS = (
					"DEBUG=1",
					"$(inherited)",
				);
				GCC_WARN_64_TO_32_BIT_CONVERSION = YES;
				GCC_WARN_ABOUT_RETURN_TYPE = YES_ERROR;
				GCC_WARN_UNDECLARED_SELECTOR = YES;
				GCC_WARN_UNINITIALIZED_AUTOS = YES_AGGRESSIVE;
				GCC_WARN_UNUSED_FUNCTION = YES;
				GCC_WARN_UNUSED_VARIABLE = YES;
				IPHONEOS_DEPLOYMENT_TARGET = 17.0;
				MARKETING_VERSION = 3.3;
				MTL_ENABLE_DEBUG_INFO = INCLUDE_SOURCE;
				MTL_FAST_MATH = YES;
				ONLY_ACTIVE_ARCH = YES;
				SWIFT_ACTIVE_COMPILATION_CONDITIONS = DEBUG;
				SWIFT_OPTIMIZATION_LEVEL = "-Onone";
				SWIFT_STRICT_CONCURRENCY = complete;
				SWIFT_VERSION = 6.0;
				WATCHOS_DEPLOYMENT_TARGET = 10.0;
			};
			name = Debug;
		};
		FF96C2B72A0059BC00D5C0EB /* Release */ = {
			isa = XCBuildConfiguration;
			buildSettings = {
				ALWAYS_SEARCH_USER_PATHS = NO;
				ASSETCATALOG_COMPILER_GENERATE_SWIFT_ASSET_SYMBOL_EXTENSIONS = YES;
				CLANG_ANALYZER_LOCALIZABILITY_NONLOCALIZED = YES;
				CLANG_ANALYZER_NONNULL = YES;
				CLANG_ANALYZER_NUMBER_OBJECT_CONVERSION = YES_AGGRESSIVE;
				CLANG_CXX_LANGUAGE_STANDARD = "gnu++20";
				CLANG_ENABLE_MODULES = YES;
				CLANG_ENABLE_OBJC_ARC = YES;
				CLANG_ENABLE_OBJC_WEAK = YES;
				CLANG_WARN_BLOCK_CAPTURE_AUTORELEASING = YES;
				CLANG_WARN_BOOL_CONVERSION = YES;
				CLANG_WARN_COMMA = YES;
				CLANG_WARN_CONSTANT_CONVERSION = YES;
				CLANG_WARN_DEPRECATED_OBJC_IMPLEMENTATIONS = YES;
				CLANG_WARN_DIRECT_OBJC_ISA_USAGE = YES_ERROR;
				CLANG_WARN_DOCUMENTATION_COMMENTS = YES;
				CLANG_WARN_EMPTY_BODY = YES;
				CLANG_WARN_ENUM_CONVERSION = YES;
				CLANG_WARN_INFINITE_RECURSION = YES;
				CLANG_WARN_INT_CONVERSION = YES;
				CLANG_WARN_NON_LITERAL_NULL_CONVERSION = YES;
				CLANG_WARN_OBJC_IMPLICIT_RETAIN_SELF = YES;
				CLANG_WARN_OBJC_LITERAL_CONVERSION = YES;
				CLANG_WARN_OBJC_ROOT_CLASS = YES_ERROR;
				CLANG_WARN_QUOTED_INCLUDE_IN_FRAMEWORK_HEADER = YES;
				CLANG_WARN_RANGE_LOOP_ANALYSIS = YES;
				CLANG_WARN_STRICT_PROTOTYPES = YES;
				CLANG_WARN_SUSPICIOUS_MOVE = YES;
				CLANG_WARN_UNGUARDED_AVAILABILITY = YES_AGGRESSIVE;
				CLANG_WARN_UNREACHABLE_CODE = YES;
				CLANG_WARN__DUPLICATE_METHOD_MATCH = YES;
				COPY_PHASE_STRIP = NO;
				DEAD_CODE_STRIPPING = YES;
				DEBUG_INFORMATION_FORMAT = "dwarf-with-dsym";
				ENABLE_NS_ASSERTIONS = NO;
				ENABLE_STRICT_OBJC_MSGSEND = YES;
				ENABLE_USER_SCRIPT_SANDBOXING = YES;
				GCC_C_LANGUAGE_STANDARD = gnu11;
				GCC_NO_COMMON_BLOCKS = YES;
				GCC_WARN_64_TO_32_BIT_CONVERSION = YES;
				GCC_WARN_ABOUT_RETURN_TYPE = YES_ERROR;
				GCC_WARN_UNDECLARED_SELECTOR = YES;
				GCC_WARN_UNINITIALIZED_AUTOS = YES_AGGRESSIVE;
				GCC_WARN_UNUSED_FUNCTION = YES;
				GCC_WARN_UNUSED_VARIABLE = YES;
				IPHONEOS_DEPLOYMENT_TARGET = 17.0;
				MARKETING_VERSION = 3.3;
				MTL_ENABLE_DEBUG_INFO = NO;
				MTL_FAST_MATH = YES;
				SWIFT_COMPILATION_MODE = wholemodule;
				SWIFT_OPTIMIZATION_LEVEL = "-O";
				SWIFT_STRICT_CONCURRENCY = complete;
				SWIFT_VERSION = 6.0;
				WATCHOS_DEPLOYMENT_TARGET = 10.0;
			};
			name = Release;
		};
		FF96C2B92A0059BC00D5C0EB /* Debug */ = {
			isa = XCBuildConfiguration;
			buildSettings = {
				ASSETCATALOG_COMPILER_APPICON_NAME = AppIcon;
				ASSETCATALOG_COMPILER_GLOBAL_ACCENT_COLOR_NAME = AccentColor;
				CLANG_ENABLE_MODULES = YES;
				CODE_SIGN_ENTITLEMENTS = "Intention Watch App/Resources/Intention Watch App.entitlements";
				CODE_SIGN_STYLE = Automatic;
				CURRENT_PROJECT_VERSION = 15;
				DEVELOPMENT_ASSET_PATHS = "";
				DEVELOPMENT_TEAM = M5E86B9E63;
				ENABLE_PREVIEWS = YES;
				GENERATE_INFOPLIST_FILE = NO;
				INFOPLIST_FILE = "Intention Watch App/Resources/Info.plist";
				INFOPLIST_KEY_CFBundleDisplayName = Intention;
				INFOPLIST_KEY_UISupportedInterfaceOrientations = "UIInterfaceOrientationPortrait UIInterfaceOrientationPortraitUpsideDown";
				INFOPLIST_KEY_WKWatchOnly = YES;
				LD_RUNPATH_SEARCH_PATHS = (
					"$(inherited)",
					"@executable_path/Frameworks",
				);
				PRODUCT_BUNDLE_IDENTIFIER = com.paulweichhart.Intention.watchkitapp;
				PRODUCT_NAME = "$(TARGET_NAME)";
				SDKROOT = watchos;
				SKIP_INSTALL = YES;
				SWIFT_EMIT_LOC_STRINGS = YES;
				SWIFT_OPTIMIZATION_LEVEL = "-Onone";
				SWIFT_STRICT_CONCURRENCY = complete;
				TARGETED_DEVICE_FAMILY = 4;
			};
			name = Debug;
		};
		FF96C2BA2A0059BC00D5C0EB /* Release */ = {
			isa = XCBuildConfiguration;
			buildSettings = {
				ASSETCATALOG_COMPILER_APPICON_NAME = AppIcon;
				ASSETCATALOG_COMPILER_GLOBAL_ACCENT_COLOR_NAME = AccentColor;
				CLANG_ENABLE_MODULES = YES;
				CODE_SIGN_ENTITLEMENTS = "Intention Watch App/Resources/Intention Watch App.entitlements";
				CODE_SIGN_STYLE = Automatic;
				CURRENT_PROJECT_VERSION = 15;
				DEVELOPMENT_ASSET_PATHS = "";
				DEVELOPMENT_TEAM = M5E86B9E63;
				ENABLE_PREVIEWS = YES;
				GENERATE_INFOPLIST_FILE = NO;
				INFOPLIST_FILE = "Intention Watch App/Resources/Info.plist";
				INFOPLIST_KEY_CFBundleDisplayName = Intention;
				INFOPLIST_KEY_UISupportedInterfaceOrientations = "UIInterfaceOrientationPortrait UIInterfaceOrientationPortraitUpsideDown";
				INFOPLIST_KEY_WKWatchOnly = YES;
				LD_RUNPATH_SEARCH_PATHS = (
					"$(inherited)",
					"@executable_path/Frameworks",
				);
				PRODUCT_BUNDLE_IDENTIFIER = com.paulweichhart.Intention.watchkitapp;
				PRODUCT_NAME = "$(TARGET_NAME)";
				SDKROOT = watchos;
				SKIP_INSTALL = YES;
				SWIFT_EMIT_LOC_STRINGS = YES;
				SWIFT_STRICT_CONCURRENCY = complete;
				TARGETED_DEVICE_FAMILY = 4;
				VALIDATE_PRODUCT = YES;
			};
			name = Release;
		};
		FF96C2BD2A0059BC00D5C0EB /* Debug */ = {
			isa = XCBuildConfiguration;
			buildSettings = {
				CODE_SIGN_STYLE = Automatic;
				CURRENT_PROJECT_VERSION = 15;
				DEVELOPMENT_TEAM = M5E86B9E63;
				INFOPLIST_KEY_CFBundleDisplayName = Intention;
				IPHONEOS_DEPLOYMENT_TARGET = 17.0;
				PRODUCT_BUNDLE_IDENTIFIER = com.paulweichhart.Intention;
				PRODUCT_NAME = "$(TARGET_NAME)";
				SDKROOT = iphoneos;
				SWIFT_VERSION = 5.0;
			};
			name = Debug;
		};
		FF96C2BE2A0059BC00D5C0EB /* Release */ = {
			isa = XCBuildConfiguration;
			buildSettings = {
				CODE_SIGN_STYLE = Automatic;
				CURRENT_PROJECT_VERSION = 15;
				DEVELOPMENT_TEAM = M5E86B9E63;
				INFOPLIST_KEY_CFBundleDisplayName = Intention;
				IPHONEOS_DEPLOYMENT_TARGET = 17.0;
				PRODUCT_BUNDLE_IDENTIFIER = com.paulweichhart.Intention;
				PRODUCT_NAME = "$(TARGET_NAME)";
				SDKROOT = iphoneos;
				SWIFT_VERSION = 5.0;
				VALIDATE_PRODUCT = YES;
			};
			name = Release;
		};
		FF96C2FB2A005AF900D5C0EB /* Debug */ = {
			isa = XCBuildConfiguration;
			buildSettings = {
				ASSETCATALOG_COMPILER_GLOBAL_ACCENT_COLOR_NAME = AccentColor;
				ASSETCATALOG_COMPILER_WIDGET_BACKGROUND_COLOR_NAME = WidgetBackground;
				CODE_SIGN_ENTITLEMENTS = Complication/Resources/ComplicationExtension.entitlements;
				CODE_SIGN_STYLE = Automatic;
				CURRENT_PROJECT_VERSION = 15;
				DEVELOPMENT_TEAM = M5E86B9E63;
				GENERATE_INFOPLIST_FILE = YES;
				INFOPLIST_FILE = Complication/Resources/Info.plist;
				INFOPLIST_KEY_CFBundleDisplayName = Complication;
				INFOPLIST_KEY_NSHumanReadableCopyright = "";
				LD_RUNPATH_SEARCH_PATHS = (
					"$(inherited)",
					"@executable_path/Frameworks",
					"@executable_path/../../Frameworks",
					"@executable_path/../../../../Frameworks",
				);
				PRODUCT_BUNDLE_IDENTIFIER = com.paulweichhart.Intention.watchkitapp.ComplicationExtension;
				PRODUCT_NAME = "$(TARGET_NAME)";
				SDKROOT = watchos;
				SKIP_INSTALL = YES;
				SWIFT_EMIT_LOC_STRINGS = YES;
				SWIFT_STRICT_CONCURRENCY = complete;
				TARGETED_DEVICE_FAMILY = 4;
			};
			name = Debug;
		};
		FF96C2FC2A005AF900D5C0EB /* Release */ = {
			isa = XCBuildConfiguration;
			buildSettings = {
				ASSETCATALOG_COMPILER_GLOBAL_ACCENT_COLOR_NAME = AccentColor;
				ASSETCATALOG_COMPILER_WIDGET_BACKGROUND_COLOR_NAME = WidgetBackground;
				CODE_SIGN_ENTITLEMENTS = Complication/Resources/ComplicationExtension.entitlements;
				CODE_SIGN_STYLE = Automatic;
				CURRENT_PROJECT_VERSION = 15;
				DEVELOPMENT_TEAM = M5E86B9E63;
				GENERATE_INFOPLIST_FILE = YES;
				INFOPLIST_FILE = Complication/Resources/Info.plist;
				INFOPLIST_KEY_CFBundleDisplayName = Complication;
				INFOPLIST_KEY_NSHumanReadableCopyright = "";
				LD_RUNPATH_SEARCH_PATHS = (
					"$(inherited)",
					"@executable_path/Frameworks",
					"@executable_path/../../Frameworks",
					"@executable_path/../../../../Frameworks",
				);
				PRODUCT_BUNDLE_IDENTIFIER = com.paulweichhart.Intention.watchkitapp.ComplicationExtension;
				PRODUCT_NAME = "$(TARGET_NAME)";
				SDKROOT = watchos;
				SKIP_INSTALL = YES;
				SWIFT_EMIT_LOC_STRINGS = YES;
				SWIFT_STRICT_CONCURRENCY = complete;
				TARGETED_DEVICE_FAMILY = 4;
				VALIDATE_PRODUCT = YES;
			};
			name = Release;
		};
/* End XCBuildConfiguration section */

/* Begin XCConfigurationList section */
		FF3E23912CAB43D200DE398B /* Build configuration list for PBXNativeTarget "Intention Tests" */ = {
			isa = XCConfigurationList;
			buildConfigurations = (
				FF3E23922CAB43D200DE398B /* Debug */,
				FF3E23932CAB43D200DE398B /* Release */,
			);
			defaultConfigurationIsVisible = 0;
			defaultConfigurationName = Release;
		};
		FF3E23A32CAB4A6800DE398B /* Build configuration list for PBXNativeTarget "Intention UI Tests" */ = {
			isa = XCConfigurationList;
			buildConfigurations = (
				FF3E23A42CAB4A6800DE398B /* Debug */,
				FF3E23A52CAB4A6800DE398B /* Release */,
			);
			defaultConfigurationIsVisible = 0;
			defaultConfigurationName = Release;
		};
		FF96C29F2A0059BB00D5C0EB /* Build configuration list for PBXProject "Intention" */ = {
			isa = XCConfigurationList;
			buildConfigurations = (
				FF96C2B62A0059BC00D5C0EB /* Debug */,
				FF96C2B72A0059BC00D5C0EB /* Release */,
			);
			defaultConfigurationIsVisible = 0;
			defaultConfigurationName = Release;
		};
		FF96C2B82A0059BC00D5C0EB /* Build configuration list for PBXNativeTarget "Intention Watch App" */ = {
			isa = XCConfigurationList;
			buildConfigurations = (
				FF96C2B92A0059BC00D5C0EB /* Debug */,
				FF96C2BA2A0059BC00D5C0EB /* Release */,
			);
			defaultConfigurationIsVisible = 0;
			defaultConfigurationName = Release;
		};
		FF96C2BC2A0059BC00D5C0EB /* Build configuration list for PBXNativeTarget "Intention" */ = {
			isa = XCConfigurationList;
			buildConfigurations = (
				FF96C2BD2A0059BC00D5C0EB /* Debug */,
				FF96C2BE2A0059BC00D5C0EB /* Release */,
			);
			defaultConfigurationIsVisible = 0;
			defaultConfigurationName = Release;
		};
		FF96C2FA2A005AF900D5C0EB /* Build configuration list for PBXNativeTarget "ComplicationExtension" */ = {
			isa = XCConfigurationList;
			buildConfigurations = (
				FF96C2FB2A005AF900D5C0EB /* Debug */,
				FF96C2FC2A005AF900D5C0EB /* Release */,
			);
			defaultConfigurationIsVisible = 0;
			defaultConfigurationName = Release;
		};
/* End XCConfigurationList section */
	};
	rootObject = FF96C29C2A0059BB00D5C0EB /* Project object */;
}
